{
  "lockfileVersion": 1,
  "configVersion": 1,
  "workspaces": {
    "": {
      "name": "littleimpd",
      "dependencies": {
        "@aws-sdk/client-s3": "^3.1009.0",
        "hono": "^4.12.7",
        "pdf-parse": "^2.4.5",
        "sqlite-vec": "^0.1.7-alpha.2",
      },
      "devDependencies": {
        "@types/bun": "^1.2",
      },
    },
  },
  "packages": {
    "@aws-crypto/crc32": ["@aws-crypto/crc32@5.2.0", "", { "dependencies": { "@aws-crypto/util": "^5.2.0", "@aws-sdk/types": "^3.222.0", "tslib": "^2.6.2" } }, "sha512-nLbCWqQNgUiwwtFsen1AdzAtvuLRsQS8rYgMuxCrdKf9kOssamGLuPwyTY9wyYblNr9+1XM8v6zoDTPPSIeANg=="],

    "@aws-crypto/crc32c": ["@aws-crypto/crc32c@5.2.0", "", { "dependencies": { "@aws-crypto/util": "^5.2.0", "@aws-sdk/types": "^3.222.0", "tslib": "^2.6.2" } }, "sha512-+iWb8qaHLYKrNvGRbiYRHSdKRWhto5XlZUEBwDjYNf+ly5SVYG6zEoYIdxvf5R3zyeP16w4PLBn3rH1xc74Rag=="],

    "@aws-crypto/sha1-browser": ["@aws-crypto/sha1-browser@5.2.0", "", { "dependencies": { "@aws-crypto/supports-web-crypto": "^5.2.0", "@aws-crypto/util": "^5.2.0", "@aws-sdk/types": "^3.222.0", "@aws-sdk/util-locate-window": "^3.0.0", "@smithy/util-utf8": "^2.0.0", "tslib": "^2.6.2" } }, "sha512-OH6lveCFfcDjX4dbAvCFSYUjJZjDr/3XJ3xHtjn3Oj5b9RjojQo8npoLeA/bNwkOkrSQ0wgrHzXk4tDRxGKJeg=="],

    "@aws-crypto/sha256-browser": ["@aws-crypto/sha256-browser@5.2.0", "", { "dependencies": { "@aws-crypto/sha256-js": "^5.2.0", "@aws-crypto/supports-web-crypto": "^5.2.0", "@aws-crypto/util": "^5.2.0", "@aws-sdk/types": "^3.222.0", "@aws-sdk/util-locate-window": "^3.0.0", "@smithy/util-utf8": "^2.0.0", "tslib": "^2.6.2" } }, "sha512-AXfN/lGotSQwu6HNcEsIASo7kWXZ5HYWvfOmSNKDsEqC4OashTp8alTmaz+F7TC2L083SFv5RdB+qU3Vs1kZqw=="],

    "@aws-crypto/sha256-js": ["@aws-crypto/sha256-js@5.2.0", "", { "dependencies": { "@aws-crypto/util": "^5.2.0", "@aws-sdk/types": "^3.222.0", "tslib": "^2.6.2" } }, "sha512-FFQQyu7edu4ufvIZ+OadFpHHOt+eSTBaYaki44c+akjg7qZg9oOQeLlk77F6tSYqjDAFClrHJk9tMf0HdVyOvA=="],

    "@aws-crypto/supports-web-crypto": ["@aws-crypto/supports-web-crypto@5.2.0", "", { "dependencies": { "tslib": "^2.6.2" } }, "sha512-iAvUotm021kM33eCdNfwIN//F77/IADDSs58i+MDaOqFrVjZo9bAal0NK7HurRuWLLpF1iLX7gbWrjHjeo+YFg=="],

    "@aws-crypto/util": ["@aws-crypto/util@5.2.0", "", { "dependencies": { "@aws-sdk/types": "^3.222.0", "@smithy/util-utf8": "^2.0.0", "tslib": "^2.6.2" } }, "sha512-4RkU9EsI6ZpBve5fseQlGNUWKMa1RLPQ1dnjnQoe07ldfIzcsGb5hC5W0Dm7u423KWzawlrpbjXBrXCEv9zazQ=="],

    "@aws-sdk/client-s3": ["@aws-sdk/client-s3@3.1009.0", "", { "dependencies": { "@aws-crypto/sha1-browser": "5.2.0", "@aws-crypto/sha256-browser": "5.2.0", "@aws-crypto/sha256-js": "5.2.0", "@aws-sdk/core": "^3.973.20", "@aws-sdk/credential-provider-node": "^3.972.21", "@aws-sdk/middleware-bucket-endpoint": "^3.972.8", "@aws-sdk/middleware-expect-continue": "^3.972.8", "@aws-sdk/middleware-flexible-checksums": "^3.973.6", "@aws-sdk/middleware-host-header": "^3.972.8", "@aws-sdk/middleware-location-constraint": "^3.972.8", "@aws-sdk/middleware-logger": "^3.972.8", "@aws-sdk/middleware-recursion-detection": "^3.972.8", "@aws-sdk/middleware-sdk-s3": "^3.972.20", "@aws-sdk/middleware-ssec": "^3.972.8", "@aws-sdk/middleware-user-agent": "^3.972.21", "@aws-sdk/region-config-resolver": "^3.972.8", "@aws-sdk/signature-v4-multi-region": "^3.996.8", "@aws-sdk/types": "^3.973.6", "@aws-sdk/util-endpoints": "^3.996.5", "@aws-sdk/util-user-agent-browser": "^3.972.8", "@aws-sdk/util-user-agent-node": "^3.973.7", "@smithy/config-resolver": "^4.4.11", "@smithy/core": "^3.23.11", "@smithy/eventstream-serde-browser": "^4.2.12", "@smithy/eventstream-serde-config-resolver": "^4.3.12", "@smithy/eventstream-serde-node": "^4.2.12", "@smithy/fetch-http-handler": "^5.3.15", "@smithy/hash-blob-browser": "^4.2.13", "@smithy/hash-node": "^4.2.12", "@smithy/hash-stream-node": "^4.2.12", "@smithy/invalid-dependency": "^4.2.12", "@smithy/md5-js": "^4.2.12", "@smithy/middleware-content-length": "^4.2.12", "@smithy/middleware-endpoint": "^4.4.25", "@smithy/middleware-retry": "^4.4.42", "@smithy/middleware-serde": "^4.2.14", "@smithy/middleware-stack": "^4.2.12", "@smithy/node-config-provider": "^4.3.12", "@smithy/node-http-handler": "^4.4.16", "@smithy/protocol-http": "^5.3.12", "@smithy/smithy-client": "^4.12.5", "@smithy/types": "^4.13.1", "@smithy/url-parser": "^4.2.12", "@smithy/util-base64": "^4.3.2", "@smithy/util-body-length-browser": "^4.2.2", "@smithy/util-body-length-node": "^4.2.3", "@smithy/util-defaults-mode-browser": "^4.3.41", "@smithy/util-defaults-mode-node": "^4.2.44", "@smithy/util-endpoints": "^3.3.3", "@smithy/util-middleware": "^4.2.12", "@smithy/util-retry": "^4.2.12", "@smithy/util-stream": "^4.5.19", "@smithy/util-utf8": "^4.2.2", "@smithy/util-waiter": "^4.2.13", "tslib": "^2.6.2" } }, "sha512-luy8CxallkoiGWTqU86ca/BbvkWJjs0oala7uIIRN1JtQxMb5i4Yl/PBZVcQFhbK9kQi0PK0GfD8gIpLkI91fw=="],

    "@aws-sdk/core": ["@aws-sdk/core@3.973.20", "", { "dependencies": { "@aws-sdk/types": "^3.973.6", "@aws-sdk/xml-builder": "^3.972.11", "@smithy/core": "^3.23.11", "@smithy/node-config-provider": "^4.3.12", "@smithy/property-provider": "^4.2.12", "@smithy/protocol-http": "^5.3.12", "@smithy/signature-v4": "^5.3.12", "@smithy/smithy-client": "^4.12.5", "@smithy/types": "^4.13.1", "@smithy/util-base64": "^4.3.2", "@smithy/util-middleware": "^4.2.12", "@smithy/util-utf8": "^4.2.2", "tslib": "^2.6.2" } }, "sha512-i3GuX+lowD892F3IuJf8o6AbyDupMTdyTxQrCJGcn71ni5hTZ82L4nQhcdumxZ7XPJRJJVHS/CR3uYOIIs0PVA=="],

    "@aws-sdk/crc64-nvme": ["@aws-sdk/crc64-nvme@3.972.5", "", { "dependencies": { "@smithy/types": "^4.13.1", "tslib": "^2.6.2" } }, "sha512-2VbTstbjKdT+yKi8m7b3a9CiVac+pL/IY2PHJwsaGkkHmuuqkJZIErPck1h6P3T9ghQMLSdMPyW6Qp7Di5swFg=="],

    "@aws-sdk/credential-provider-env": ["@aws-sdk/credential-provider-env@3.972.18", "", { "dependencies": { "@aws-sdk/core": "^3.973.20", "@aws-sdk/types": "^3.973.6", "@smithy/property-provider": "^4.2.12", "@smithy/types": "^4.13.1", "tslib": "^2.6.2" } }, "sha512-X0B8AlQY507i5DwjLByeU2Af4ARsl9Vr84koDcXCbAkplmU+1xBFWxEPrWRAoh56waBne/yJqEloSwvRf4x6XA=="],

    "@aws-sdk/credential-provider-http": ["@aws-sdk/credential-provider-http@3.972.20", "", { "dependencies": { "@aws-sdk/core": "^3.973.20", "@aws-sdk/types": "^3.973.6", "@smithy/fetch-http-handler": "^5.3.15", "@smithy/node-http-handler": "^4.4.16", "@smithy/property-provider": "^4.2.12", "@smithy/protocol-http": "^5.3.12", "@smithy/smithy-client": "^4.12.5", "@smithy/types": "^4.13.1", "@smithy/util-stream": "^4.5.19", "tslib": "^2.6.2" } }, "sha512-ey9Lelj001+oOfrbKmS6R2CJAiXX7QKY4Vj9VJv6L2eE6/VjD8DocHIoYqztTm70xDLR4E1jYPTKfIui+eRNDA=="],

    "@aws-sdk/credential-provider-ini": ["@aws-sdk/credential-provider-ini@3.972.20", "", { "dependencies": { "@aws-sdk/core": "^3.973.20", "@aws-sdk/credential-provider-env": "^3.972.18", "@aws-sdk/credential-provider-http": "^3.972.20", "@aws-sdk/credential-provider-login": "^3.972.20", "@aws-sdk/credential-provider-process": "^3.972.18", "@aws-sdk/credential-provider-sso": "^3.972.20", "@aws-sdk/credential-provider-web-identity": "^3.972.20", "@aws-sdk/nested-clients": "^3.996.10", "@aws-sdk/types": "^3.973.6", "@smithy/credential-provider-imds": "^4.2.12", "@smithy/property-provider": "^4.2.12", "@smithy/shared-ini-file-loader": "^4.4.7", "@smithy/types": "^4.13.1", "tslib": "^2.6.2" } }, "sha512-5flXSnKHMloObNF+9N0cupKegnH1Z37cdVlpETVgx8/rAhCe+VNlkcZH3HDg2SDn9bI765S+rhNPXGDJJPfbtA=="],

    "@aws-sdk/credential-provider-login": ["@aws-sdk/credential-provider-login@3.972.20", "", { "dependencies": { "@aws-sdk/core": "^3.973.20", "@aws-sdk/nested-clients": "^3.996.10", "@aws-sdk/types": "^3.973.6", "@smithy/property-provider": "^4.2.12", "@smithy/protocol-http": "^5.3.12", "@smithy/shared-ini-file-loader": "^4.4.7", "@smithy/types": "^4.13.1", "tslib": "^2.6.2" } }, "sha512-gEWo54nfqp2jABMu6HNsjVC4hDLpg9HC8IKSJnp0kqWtxIJYHTmiLSsIfI4ScQjxEwpB+jOOH8dOLax1+hy/Hw=="],

    "@aws-sdk/credential-provider-node": ["@aws-sdk/credential-provider-node@3.972.21", "", { "dependencies": { "@aws-sdk/credential-provider-env": "^3.972.18", "@aws-sdk/credential-provider-http": "^3.972.20", "@aws-sdk/credential-provider-ini": "^3.972.20", "@aws-sdk/credential-provider-process": "^3.972.18", "@aws-sdk/credential-provider-sso": "^3.972.20", "@aws-sdk/credential-provider-web-identity": "^3.972.20", "@aws-sdk/types": "^3.973.6", "@smithy/credential-provider-imds": "^4.2.12", "@smithy/property-provider": "^4.2.12", "@smithy/shared-ini-file-loader": "^4.4.7", "@smithy/types": "^4.13.1", "tslib": "^2.6.2" } }, "sha512-hah8if3/B/Q+LBYN5FukyQ1Mym6PLPDsBOBsIgNEYD6wLyZg0UmUF/OKIVC3nX9XH8TfTPuITK+7N/jenVACWA=="],

    "@aws-sdk/credential-provider-process": ["@aws-sdk/credential-provider-process@3.972.18", "", { "dependencies": { "@aws-sdk/core": "^3.973.20", "@aws-sdk/types": "^3.973.6", "@smithy/property-provider": "^4.2.12", "@smithy/shared-ini-file-loader": "^4.4.7", "@smithy/types": "^4.13.1", "tslib": "^2.6.2" } }, "sha512-Tpl7SRaPoOLT32jbTWchPsn52hYYgJ0kpiFgnwk8pxTANQdUymVSZkzFvv1+oOgZm1CrbQUP9MBeoMZ9IzLZjA=="],

    "@aws-sdk/credential-provider-sso": ["@aws-sdk/credential-provider-sso@3.972.20", "", { "dependencies": { "@aws-sdk/core": "^3.973.20", "@aws-sdk/nested-clients": "^3.996.10", "@aws-sdk/token-providers": "3.1009.0", "@aws-sdk/types": "^3.973.6", "@smithy/property-provider": "^4.2.12", "@smithy/shared-ini-file-loader": "^4.4.7", "@smithy/types": "^4.13.1", "tslib": "^2.6.2" } }, "sha512-p+R+PYR5Z7Gjqf/6pvbCnzEHcqPCpLzR7Yf127HjJ6EAb4hUcD+qsNRnuww1sB/RmSeCLxyay8FMyqREw4p1RA=="],

    "@aws-sdk/credential-provider-web-identity": ["@aws-sdk/credential-provider-web-identity@3.972.20", "", { "dependencies": { "@aws-sdk/core": "^3.973.20", "@aws-sdk/nested-clients": "^3.996.10", "@aws-sdk/types": "^3.973.6", "@smithy/property-provider": "^4.2.12", "@smithy/shared-ini-file-loader": "^4.4.7", "@smithy/types": "^4.13.1", "tslib": "^2.6.2" } }, "sha512-rWCmh8o7QY4CsUj63qopzMzkDq/yPpkrpb+CnjBEFSOg/02T/we7sSTVg4QsDiVS9uwZ8VyONhq98qt+pIh3KA=="],

    "@aws-sdk/middleware-bucket-endpoint": ["@aws-sdk/middleware-bucket-endpoint@3.972.8", "", { "dependencies": { "@aws-sdk/types": "^3.973.6", "@aws-sdk/util-arn-parser": "^3.972.3", "@smithy/node-config-provider": "^4.3.12", "@smithy/protocol-http": "^5.3.12", "@smithy/types": "^4.13.1", "@smithy/util-config-provider": "^4.2.2", "tslib": "^2.6.2" } }, "sha512-WR525Rr2QJSETa9a050isktyWi/4yIGcmY3BQ1kpHqb0LqUglQHCS8R27dTJxxWNZvQ0RVGtEZjTCbZJpyF3Aw=="],

    "@aws-sdk/middleware-expect-continue": ["@aws-sdk/middleware-expect-continue@3.972.8", "", { "dependencies": { "@aws-sdk/types": "^3.973.6", "@smithy/protocol-http": "^5.3.12", "@smithy/types": "^4.13.1", "tslib": "^2.6.2" } }, "sha512-5DTBTiotEES1e2jOHAq//zyzCjeMB78lEHd35u15qnrid4Nxm7diqIf9fQQ3Ov0ChH1V3Vvt13thOnrACmfGVQ=="],

    "@aws-sdk/middleware-flexible-checksums": ["@aws-sdk/middleware-flexible-checksums@3.973.6", "", { "dependencies": { "@aws-crypto/crc32": "5.2.0", "@aws-crypto/crc32c": "5.2.0", "@aws-crypto/util": "5.2.0", "@aws-sdk/core": "^3.973.20", "@aws-sdk/crc64-nvme": "^3.972.5", "@aws-sdk/types": "^3.973.6", "@smithy/is-array-buffer": "^4.2.2", "@smithy/node-config-provider": "^4.3.12", "@smithy/protocol-http": "^5.3.12", "@smithy/types": "^4.13.1", "@smithy/util-middleware": "^4.2.12", "@smithy/util-stream": "^4.5.19", "@smithy/util-utf8": "^4.2.2", "tslib": "^2.6.2" } }, "sha512-0nYEgkJH7Yt9k+nZJyllTghnkKaz17TWFcr5Mi0XMVMzYlF4ytDZADQpF2/iJo36cKL5AYSzRsvlykE4M/ErTA=="],

    "@aws-sdk/middleware-host-header": ["@aws-sdk/middleware-host-header@3.972.8", "", { "dependencies": { "@aws-sdk/types": "^3.973.6", "@smithy/protocol-http": "^5.3.12", "@smithy/types": "^4.13.1", "tslib": "^2.6.2" } }, "sha512-wAr2REfKsqoKQ+OkNqvOShnBoh+nkPurDKW7uAeVSu6kUECnWlSJiPvnoqxGlfousEY/v9LfS9sNc46hjSYDIQ=="],

    "@aws-sdk/middleware-location-constraint": ["@aws-sdk/middleware-location-constraint@3.972.8", "", { "dependencies": { "@aws-sdk/types": "^3.973.6", "@smithy/types": "^4.13.1", "tslib": "^2.6.2" } }, "sha512-KaUoFuoFPziIa98DSQsTPeke1gvGXlc5ZGMhy+b+nLxZ4A7jmJgLzjEF95l8aOQN2T/qlPP3MrAyELm8ExXucw=="],

    "@aws-sdk/middleware-logger": ["@aws-sdk/middleware-logger@3.972.8", "", { "dependencies": { "@aws-sdk/types": "^3.973.6", "@smithy/types": "^4.13.1", "tslib": "^2.6.2" } }, "sha512-CWl5UCM57WUFaFi5kB7IBY1UmOeLvNZAZ2/OZ5l20ldiJ3TiIz1pC65gYj8X0BCPWkeR1E32mpsCk1L1I4n+lA=="],

    "@aws-sdk/middleware-recursion-detection": ["@aws-sdk/middleware-recursion-detection@3.972.8", "", { "dependencies": { "@aws-sdk/types": "^3.973.6", "@aws/lambda-invoke-store": "^0.2.2", "@smithy/protocol-http": "^5.3.12", "@smithy/types": "^4.13.1", "tslib": "^2.6.2" } }, "sha512-BnnvYs2ZEpdlmZ2PNlV2ZyQ8j8AEkMTjN79y/YA475ER1ByFYrkVR85qmhni8oeTaJcDqbx364wDpitDAA/wCA=="],

    "@aws-sdk/middleware-sdk-s3": ["@aws-sdk/middleware-sdk-s3@3.972.20", "", { "dependencies": { "@aws-sdk/core": "^3.973.20", "@aws-sdk/types": "^3.973.6", "@aws-sdk/util-arn-parser": "^3.972.3", "@smithy/core": "^3.23.11", "@smithy/node-config-provider": "^4.3.12", "@smithy/protocol-http": "^5.3.12", "@smithy/signature-v4": "^5.3.12", "@smithy/smithy-client": "^4.12.5", "@smithy/types": "^4.13.1", "@smithy/util-config-provider": "^4.2.2", "@smithy/util-middleware": "^4.2.12", "@smithy/util-stream": "^4.5.19", "@smithy/util-utf8": "^4.2.2", "tslib": "^2.6.2" } }, "sha512-yhva/xL5H4tWQgsBjwV+RRD0ByCzg0TcByDCLp3GXdn/wlyRNfy8zsswDtCvr1WSKQkSQYlyEzPuWkJG0f5HvQ=="],

    "@aws-sdk/middleware-ssec": ["@aws-sdk/middleware-ssec@3.972.8", "", { "dependencies": { "@aws-sdk/types": "^3.973.6", "@smithy/types": "^4.13.1", "tslib": "^2.6.2" } }, "sha512-wqlK0yO/TxEC2UsY9wIlqeeutF6jjLe0f96Pbm40XscTo57nImUk9lBcw0dPgsm0sppFtAkSlDrfpK+pC30Wqw=="],

    "@aws-sdk/middleware-user-agent": ["@aws-sdk/middleware-user-agent@3.972.21", "", { "dependencies": { "@aws-sdk/core": "^3.973.20", "@aws-sdk/types": "^3.973.6", "@aws-sdk/util-endpoints": "^3.996.5", "@smithy/core": "^3.23.11", "@smithy/protocol-http": "^5.3.12", "@smithy/types": "^4.13.1", "@smithy/util-retry": "^4.2.12", "tslib": "^2.6.2" } }, "sha512-62XRl1GDYPpkt7cx1AX1SPy9wgNE9Iw/NPuurJu4lmhCWS7sGKO+kS53TQ8eRmIxy3skmvNInnk0ZbWrU5Dpyg=="],

    "@aws-sdk/nested-clients": ["@aws-sdk/nested-clients@3.996.10", "", { "dependencies": { "@aws-crypto/sha256-browser": "5.2.0", "@aws-crypto/sha256-js": "5.2.0", "@aws-sdk/core": "^3.973.20", "@aws-sdk/middleware-host-header": "^3.972.8", "@aws-sdk/middleware-logger": "^3.972.8", "@aws-sdk/middleware-recursion-detection": "^3.972.8", "@aws-sdk/middleware-user-agent": "^3.972.21", "@aws-sdk/region-config-resolver": "^3.972.8", "@aws-sdk/types": "^3.973.6", "@aws-sdk/util-endpoints": "^3.996.5", "@aws-sdk/util-user-agent-browser": "^3.972.8", "@aws-sdk/util-user-agent-node": "^3.973.7", "@smithy/config-resolver": "^4.4.11", "@smithy/core": "^3.23.11", "@smithy/fetch-http-handler": "^5.3.15", "@smithy/hash-node": "^4.2.12", "@smithy/invalid-dependency": "^4.2.12", "@smithy/middleware-content-length": "^4.2.12", "@smithy/middleware-endpoint": "^4.4.25", "@smithy/middleware-retry": "^4.4.42", "@smithy/middleware-serde": "^4.2.14", "@smithy/middleware-stack": "^4.2.12", "@smithy/node-config-provider": "^4.3.12", "@smithy/node-http-handler": "^4.4.16", "@smithy/protocol-http": "^5.3.12", "@smithy/smithy-client": "^4.12.5", "@smithy/types": "^4.13.1", "@smithy/url-parser": "^4.2.12", "@smithy/util-base64": "^4.3.2", "@smithy/util-body-length-browser": "^4.2.2", "@smithy/util-body-length-node": "^4.2.3", "@smithy/util-defaults-mode-browser": "^4.3.41", "@smithy/util-defaults-mode-node": "^4.2.44", "@smithy/util-endpoints": "^3.3.3", "@smithy/util-middleware": "^4.2.12", "@smithy/util-retry": "^4.2.12", "@smithy/util-utf8": "^4.2.2", "tslib": "^2.6.2" } }, "sha512-SlDol5Z+C7Ivnc2rKGqiqfSUmUZzY1qHfVs9myt/nxVwswgfpjdKahyTzLTx802Zfq0NFRs7AejwKzzzl5Co2w=="],

    "@aws-sdk/region-config-resolver": ["@aws-sdk/region-config-resolver@3.972.8", "", { "dependencies": { "@aws-sdk/types": "^3.973.6", "@smithy/config-resolver": "^4.4.11", "@smithy/node-config-provider": "^4.3.12", "@smithy/types": "^4.13.1", "tslib": "^2.6.2" } }, "sha512-1eD4uhTDeambO/PNIDVG19A6+v4NdD7xzwLHDutHsUqz0B+i661MwQB2eYO4/crcCvCiQG4SRm1k81k54FEIvw=="],

    "@aws-sdk/signature-v4-multi-region": ["@aws-sdk/signature-v4-multi-region@3.996.8", "", { "dependencies": { "@aws-sdk/middleware-sdk-s3": "^3.972.20", "@aws-sdk/types": "^3.973.6", "@smithy/protocol-http": "^5.3.12", "@smithy/signature-v4": "^5.3.12", "@smithy/types": "^4.13.1", "tslib": "^2.6.2" } }, "sha512-n1qYFD+tbqZuyskVaxUE+t10AUz9g3qzDw3Tp6QZDKmqsjfDmZBd4GIk2EKJJNtcCBtE5YiUjDYA+3djFAFBBg=="],

    "@aws-sdk/token-providers": ["@aws-sdk/token-providers@3.1009.0", "", { "dependencies": { "@aws-sdk/core": "^3.973.20", "@aws-sdk/nested-clients": "^3.996.10", "@aws-sdk/types": "^3.973.6", "@smithy/property-provider": "^4.2.12", "@smithy/shared-ini-file-loader": "^4.4.7", "@smithy/types": "^4.13.1", "tslib": "^2.6.2" } }, "sha512-KCPLuTqN9u0Rr38Arln78fRG9KXpzsPWmof+PZzfAHMMQq2QED6YjQrkrfiH7PDefLWEposY1o4/eGwrmKA4JA=="],

    "@aws-sdk/types": ["@aws-sdk/types@3.973.6", "", { "dependencies": { "@smithy/types": "^4.13.1", "tslib": "^2.6.2" } }, "sha512-Atfcy4E++beKtwJHiDln2Nby8W/mam64opFPTiHEqgsthqeydFS1pY+OUlN1ouNOmf8ArPU/6cDS65anOP3KQw=="],

    "@aws-sdk/util-arn-parser": ["@aws-sdk/util-arn-parser@3.972.3", "", { "dependencies": { "tslib": "^2.6.2" } }, "sha512-HzSD8PMFrvgi2Kserxuff5VitNq2sgf3w9qxmskKDiDTThWfVteJxuCS9JXiPIPtmCrp+7N9asfIaVhBFORllA=="],

    "@aws-sdk/util-endpoints": ["@aws-sdk/util-endpoints@3.996.5", "", { "dependencies": { "@aws-sdk/types": "^3.973.6", "@smithy/types": "^4.13.1", "@smithy/url-parser": "^4.2.12", "@smithy/util-endpoints": "^3.3.3", "tslib": "^2.6.2" } }, "sha512-Uh93L5sXFNbyR5sEPMzUU8tJ++Ku97EY4udmC01nB8Zu+xfBPwpIwJ6F7snqQeq8h2pf+8SGN5/NoytfKgYPIw=="],

    "@aws-sdk/util-locate-window": ["@aws-sdk/util-locate-window@3.965.5", "", { "dependencies": { "tslib": "^2.6.2" } }, "sha512-WhlJNNINQB+9qtLtZJcpQdgZw3SCDCpXdUJP7cToGwHbCWCnRckGlc6Bx/OhWwIYFNAn+FIydY8SZ0QmVu3xTQ=="],

    "@aws-sdk/util-user-agent-browser": ["@aws-sdk/util-user-agent-browser@3.972.8", "", { "dependencies": { "@aws-sdk/types": "^3.973.6", "@smithy/types": "^4.13.1", "bowser": "^2.11.0", "tslib": "^2.6.2" } }, "sha512-B3KGXJviV2u6Cdw2SDY2aDhoJkVfY/Q/Trwk2CMSkikE1Oi6gRzxhvhIfiRpHfmIsAhV4EA54TVEX8K6CbHbkA=="],

    "@aws-sdk/util-user-agent-node": ["@aws-sdk/util-user-agent-node@3.973.7", "", { "dependencies": { "@aws-sdk/middleware-user-agent": "^3.972.21", "@aws-sdk/types": "^3.973.6", "@smithy/node-config-provider": "^4.3.12", "@smithy/types": "^4.13.1", "@smithy/util-config-provider": "^4.2.2", "tslib": "^2.6.2" }, "peerDependencies": { "aws-crt": ">=1.0.0" }, "optionalPeers": ["aws-crt"] }, "sha512-Hz6EZMUAEzqUd7e+vZ9LE7mn+5gMbxltXy18v+YSFY+9LBJz15wkNZvw5JqfX3z0FS9n3bgUtz3L5rAsfh4YlA=="],

    "@aws-sdk/xml-builder": ["@aws-sdk/xml-builder@3.972.11", "", { "dependencies": { "@smithy/types": "^4.13.1", "fast-xml-parser": "5.4.1", "tslib": "^2.6.2" } }, "sha512-iitV/gZKQMvY9d7ovmyFnFuTHbBAtrmLnvaSb/3X8vOKyevwtpmEtyc8AdhVWZe0pI/1GsHxlEvQeOePFzy7KQ=="],

    "@aws/lambda-invoke-store": ["@aws/lambda-invoke-store@0.2.4", "", {}, "sha512-iY8yvjE0y651BixKNPgmv1WrQc+GZ142sb0z4gYnChDDY2YqI4P/jsSopBWrKfAt7LOJAkOXt7rC/hms+WclQQ=="],

    "@napi-rs/canvas": ["@napi-rs/canvas@0.1.80", "", { "optionalDependencies": { "@napi-rs/canvas-android-arm64": "0.1.80", "@napi-rs/canvas-darwin-arm64": "0.1.80", "@napi-rs/canvas-darwin-x64": "0.1.80", "@napi-rs/canvas-linux-arm-gnueabihf": "0.1.80", "@napi-rs/canvas-linux-arm64-gnu": "0.1.80", "@napi-rs/canvas-linux-arm64-musl": "0.1.80", "@napi-rs/canvas-linux-riscv64-gnu": "0.1.80", "@napi-rs/canvas-linux-x64-gnu": "0.1.80", "@napi-rs/canvas-linux-x64-musl": "0.1.80", "@napi-rs/canvas-win32-x64-msvc": "0.1.80" } }, "sha512-DxuT1ClnIPts1kQx8FBmkk4BQDTfI5kIzywAaMjQSXfNnra5UFU9PwurXrl+Je3bJ6BGsp/zmshVVFbCmyI+ww=="],

    "@napi-rs/canvas-android-arm64": ["@napi-rs/canvas-android-arm64@0.1.80", "", { "os": "android", "cpu": "arm64" }, "sha512-sk7xhN/MoXeuExlggf91pNziBxLPVUqF2CAVnB57KLG/pz7+U5TKG8eXdc3pm0d7Od0WreB6ZKLj37sX9muGOQ=="],

    "@napi-rs/canvas-darwin-arm64": ["@napi-rs/canvas-darwin-arm64@0.1.80", "", { "os": "darwin", "cpu": "arm64" }, "sha512-O64APRTXRUiAz0P8gErkfEr3lipLJgM6pjATwavZ22ebhjYl/SUbpgM0xcWPQBNMP1n29afAC/Us5PX1vg+JNQ=="],

    "@napi-rs/canvas-darwin-x64": ["@napi-rs/canvas-darwin-x64@0.1.80", "", { "os": "darwin", "cpu": "x64" }, "sha512-FqqSU7qFce0Cp3pwnTjVkKjjOtxMqRe6lmINxpIZYaZNnVI0H5FtsaraZJ36SiTHNjZlUB69/HhxNDT1Aaa9vA=="],

    "@napi-rs/canvas-linux-arm-gnueabihf": ["@napi-rs/canvas-linux-arm-gnueabihf@0.1.80", "", { "os": "linux", "cpu": "arm" }, "sha512-eyWz0ddBDQc7/JbAtY4OtZ5SpK8tR4JsCYEZjCE3dI8pqoWUC8oMwYSBGCYfsx2w47cQgQCgMVRVTFiiO38hHQ=="],

    "@napi-rs/canvas-linux-arm64-gnu": ["@napi-rs/canvas-linux-arm64-gnu@0.1.80", "", { "os": "linux", "cpu": "arm64" }, "sha512-qwA63t8A86bnxhuA/GwOkK3jvb+XTQaTiVML0vAWoHyoZYTjNs7BzoOONDgTnNtr8/yHrq64XXzUoLqDzU+Uuw=="],

    "@napi-rs/canvas-linux-arm64-musl": ["@napi-rs/canvas-linux-arm64-musl@0.1.80", "", { "os": "linux", "cpu": "arm64" }, "sha512-1XbCOz/ymhj24lFaIXtWnwv/6eFHXDrjP0jYkc6iHQ9q8oXKzUX1Lc6bu+wuGiLhGh2GS/2JlfORC5ZcXimRcg=="],

    "@napi-rs/canvas-linux-riscv64-gnu": ["@napi-rs/canvas-linux-riscv64-gnu@0.1.80", "", { "os": "linux", "cpu": "none" }, "sha512-XTzR125w5ZMs0lJcxRlS1K3P5RaZ9RmUsPtd1uGt+EfDyYMu4c6SEROYsxyatbbu/2+lPe7MPHOO/0a0x7L/gw=="],

    "@napi-rs/canvas-linux-x64-gnu": ["@napi-rs/canvas-linux-x64-gnu@0.1.80", "", { "os": "linux", "cpu": "x64" }, "sha512-BeXAmhKg1kX3UCrJsYbdQd3hIMDH/K6HnP/pG2LuITaXhXBiNdh//TVVVVCBbJzVQaV5gK/4ZOCMrQW9mvuTqA=="],

    "@napi-rs/canvas-linux-x64-musl": ["@napi-rs/canvas-linux-x64-musl@0.1.80", "", { "os": "linux", "cpu": "x64" }, "sha512-x0XvZWdHbkgdgucJsRxprX/4o4sEed7qo9rCQA9ugiS9qE2QvP0RIiEugtZhfLH3cyI+jIRFJHV4Fuz+1BHHMg=="],

    "@napi-rs/canvas-win32-x64-msvc": ["@napi-rs/canvas-win32-x64-msvc@0.1.80", "", { "os": "win32", "cpu": "x64" }, "sha512-Z8jPsM6df5V8B1HrCHB05+bDiCxjE9QA//3YrkKIdVDEwn5RKaqOxCJDRJkl48cJbylcrJbW4HxZbTte8juuPg=="],

    "@smithy/abort-controller": ["@smithy/abort-controller@4.2.12", "", { "dependencies": { "@smithy/types": "^4.13.1", "tslib": "^2.6.2" } }, "sha512-xolrFw6b+2iYGl6EcOL7IJY71vvyZ0DJ3mcKtpykqPe2uscwtzDZJa1uVQXyP7w9Dd+kGwYnPbMsJrGISKiY/Q=="],

    "@smithy/chunked-blob-reader": ["@smithy/chunked-blob-reader@5.2.2", "", { "dependencies": { "tslib": "^2.6.2" } }, "sha512-St+kVicSyayWQca+I1rGitaOEH6uKgE8IUWoYnnEX26SWdWQcL6LvMSD19Lg+vYHKdT9B2Zuu7rd3i6Wnyb/iw=="],

    "@smithy/chunked-blob-reader-native": ["@smithy/chunked-blob-reader-native@4.2.3", "", { "dependencies": { "@smithy/util-base64": "^4.3.2", "tslib": "^2.6.2" } }, "sha512-jA5k5Udn7Y5717L86h4EIv06wIr3xn8GM1qHRi/Nf31annXcXHJjBKvgztnbn2TxH3xWrPBfgwHsOwZf0UmQWw=="],

    "@smithy/config-resolver": ["@smithy/config-resolver@4.4.11", "", { "dependencies": { "@smithy/node-config-provider": "^4.3.12", "@smithy/types": "^4.13.1", "@smithy/util-config-provider": "^4.2.2", "@smithy/util-endpoints": "^3.3.3", "@smithy/util-middleware": "^4.2.12", "tslib": "^2.6.2" } }, "sha512-YxFiiG4YDAtX7WMN7RuhHZLeTmRRAOyCbr+zB8e3AQzHPnUhS8zXjB1+cniPVQI3xbWsQPM0X2aaIkO/ME0ymw=="],

    "@smithy/core": ["@smithy/core@3.23.11", "", { "dependencies": { "@smithy/protocol-http": "^5.3.12", "@smithy/types": "^4.13.1", "@smithy/url-parser": "^4.2.12", "@smithy/util-base64": "^4.3.2", "@smithy/util-body-length-browser": "^4.2.2", "@smithy/util-middleware": "^4.2.12", "@smithy/util-stream": "^4.5.19", "@smithy/util-utf8": "^4.2.2", "@smithy/uuid": "^1.1.2", "tslib": "^2.6.2" } }, "sha512-952rGf7hBRnhUIaeLp6q4MptKW8sPFe5VvkoZ5qIzFAtx6c/QZ/54FS3yootsyUSf9gJX/NBqEBNdNR7jMIlpQ=="],

    "@smithy/credential-provider-imds": ["@smithy/credential-provider-imds@4.2.12", "", { "dependencies": { "@smithy/node-config-provider": "^4.3.12", "@smithy/property-provider": "^4.2.12", "@smithy/types": "^4.13.1", "@smithy/url-parser": "^4.2.12", "tslib": "^2.6.2" } }, "sha512-cr2lR792vNZcYMriSIj+Um3x9KWrjcu98kn234xA6reOAFMmbRpQMOv8KPgEmLLtx3eldU6c5wALKFqNOhugmg=="],

    "@smithy/eventstream-codec": ["@smithy/eventstream-codec@4.2.12", "", { "dependencies": { "@aws-crypto/crc32": "5.2.0", "@smithy/types": "^4.13.1", "@smithy/util-hex-encoding": "^4.2.2", "tslib": "^2.6.2" } }, "sha512-FE3bZdEl62ojmy8x4FHqxq2+BuOHlcxiH5vaZ6aqHJr3AIZzwF5jfx8dEiU/X0a8RboyNDjmXjlbr8AdEyLgiA=="],

    "@smithy/eventstream-serde-browser": ["@smithy/eventstream-serde-browser@4.2.12", "", { "dependencies": { "@smithy/eventstream-serde-universal": "^4.2.12", "@smithy/types": "^4.13.1", "tslib": "^2.6.2" } }, "sha512-XUSuMxlTxV5pp4VpqZf6Sa3vT/Q75FVkLSpSSE3KkWBvAQWeuWt1msTv8fJfgA4/jcJhrbrbMzN1AC/hvPmm5A=="],

    "@smithy/eventstream-serde-config-resolver": ["@smithy/eventstream-serde-config-resolver@4.3.12", "", { "dependencies": { "@smithy/types": "^4.13.1", "tslib": "^2.6.2" } }, "sha512-7epsAZ3QvfHkngz6RXQYseyZYHlmWXSTPOfPmXkiS+zA6TBNo1awUaMFL9vxyXlGdoELmCZyZe1nQE+imbmV+Q=="],

    "@smithy/eventstream-serde-node": ["@smithy/eventstream-serde-node@4.2.12", "", { "dependencies": { "@smithy/eventstream-serde-universal": "^4.2.12", "@smithy/types": "^4.13.1", "tslib": "^2.6.2" } }, "sha512-D1pFuExo31854eAvg89KMn9Oab/wEeJR6Buy32B49A9Ogdtx5fwZPqBHUlDzaCDpycTFk2+fSQgX689Qsk7UGA=="],

    "@smithy/eventstream-serde-universal": ["@smithy/eventstream-serde-universal@4.2.12", "", { "dependencies": { "@smithy/eventstream-codec": "^4.2.12", "@smithy/types": "^4.13.1", "tslib": "^2.6.2" } }, "sha512-+yNuTiyBACxOJUTvbsNsSOfH9G9oKbaJE1lNL3YHpGcuucl6rPZMi3nrpehpVOVR2E07YqFFmtwpImtpzlouHQ=="],

    "@smithy/fetch-http-handler": ["@smithy/fetch-http-handler@5.3.15", "", { "dependencies": { "@smithy/protocol-http": "^5.3.12", "@smithy/querystring-builder": "^4.2.12", "@smithy/types": "^4.13.1", "@smithy/util-base64": "^4.3.2", "tslib": "^2.6.2" } }, "sha512-T4jFU5N/yiIfrtrsb9uOQn7RdELdM/7HbyLNr6uO/mpkj1ctiVs7CihVr51w4LyQlXWDpXFn4BElf1WmQvZu/A=="],

    "@smithy/hash-blob-browser": ["@smithy/hash-blob-browser@4.2.13", "", { "dependencies": { "@smithy/chunked-blob-reader": "^5.2.2", "@smithy/chunked-blob-reader-native": "^4.2.3", "@smithy/types": "^4.13.1", "tslib": "^2.6.2" } }, "sha512-YrF4zWKh+ghLuquldj6e/RzE3xZYL8wIPfkt0MqCRphVICjyyjH8OwKD7LLlKpVEbk4FLizFfC1+gwK6XQdR3g=="],

    "@smithy/hash-node": ["@smithy/hash-node@4.2.12", "", { "dependencies": { "@smithy/types": "^4.13.1", "@smithy/util-buffer-from": "^4.2.2", "@smithy/util-utf8": "^4.2.2", "tslib": "^2.6.2" } }, "sha512-QhBYbGrbxTkZ43QoTPrK72DoYviDeg6YKDrHTMJbbC+A0sml3kSjzFtXP7BtbyJnXojLfTQldGdUR0RGD8dA3w=="],

    "@smithy/hash-stream-node": ["@smithy/hash-stream-node@4.2.12", "", { "dependencies": { "@smithy/types": "^4.13.1", "@smithy/util-utf8": "^4.2.2", "tslib": "^2.6.2" } }, "sha512-O3YbmGExeafuM/kP7Y8r6+1y0hIh3/zn6GROx0uNlB54K9oihAL75Qtc+jFfLNliTi6pxOAYZrRKD9A7iA6UFw=="],

    "@smithy/invalid-dependency": ["@smithy/invalid-dependency@4.2.12", "", { "dependencies": { "@smithy/types": "^4.13.1", "tslib": "^2.6.2" } }, "sha512-/4F1zb7Z8LOu1PalTdESFHR0RbPwHd3FcaG1sI3UEIriQTWakysgJr65lc1jj6QY5ye7aFsisajotH6UhWfm/g=="],

    "@smithy/is-array-buffer": ["@smithy/is-array-buffer@4.2.2", "", { "dependencies": { "tslib": "^2.6.2" } }, "sha512-n6rQ4N8Jj4YTQO3YFrlgZuwKodf4zUFs7EJIWH86pSCWBaAtAGBFfCM7Wx6D2bBJ2xqFNxGBSrUWswT3M0VJow=="],

    "@smithy/md5-js": ["@smithy/md5-js@4.2.12", "", { "dependencies": { "@smithy/types": "^4.13.1", "@smithy/util-utf8": "^4.2.2", "tslib": "^2.6.2" } }, "sha512-W/oIpHCpWU2+iAkfZYyGWE+qkpuf3vEXHLxQQDx9FPNZTTdnul0dZ2d/gUFrtQ5je1G2kp4cjG0/24YueG2LbQ=="],

    "@smithy/middleware-content-length": ["@smithy/middleware-content-length@4.2.12", "", { "dependencies": { "@smithy/protocol-http": "^5.3.12", "@smithy/types": "^4.13.1", "tslib": "^2.6.2" } }, "sha512-YE58Yz+cvFInWI/wOTrB+DbvUVz/pLn5mC5MvOV4fdRUc6qGwygyngcucRQjAhiCEbmfLOXX0gntSIcgMvAjmA=="],

    "@smithy/middleware-endpoint": ["@smithy/middleware-endpoint@4.4.25", "", { "dependencies": { "@smithy/core": "^3.23.11", "@smithy/middleware-serde": "^4.2.14", "@smithy/node-config-provider": "^4.3.12", "@smithy/shared-ini-file-loader": "^4.4.7", "@smithy/types": "^4.13.1", "@smithy/url-parser": "^4.2.12", "@smithy/util-middleware": "^4.2.12", "tslib": "^2.6.2" } }, "sha512-dqjLwZs2eBxIUG6Qtw8/YZ4DvzHGIf0DA18wrgtfP6a50UIO7e2nY0FPdcbv5tVJKqWCCU5BmGMOUwT7Puan+A=="],

    "@smithy/middleware-retry": ["@smithy/middleware-retry@4.4.42", "", { "dependencies": { "@smithy/node-config-provider": "^4.3.12", "@smithy/protocol-http": "^5.3.12", "@smithy/service-error-classification": "^4.2.12", "@smithy/smithy-client": "^4.12.5", "@smithy/types": "^4.13.1", "@smithy/util-middleware": "^4.2.12", "@smithy/util-retry": "^4.2.12", "@smithy/uuid": "^1.1.2", "tslib": "^2.6.2" } }, "sha512-vbwyqHRIpIZutNXZpLAozakzamcINaRCpEy1MYmK6xBeW3xN+TyPRA123GjXnuxZIjc9848MRRCugVMTXxC4Eg=="],

    "@smithy/middleware-serde": ["@smithy/middleware-serde@4.2.14", "", { "dependencies": { "@smithy/core": "^3.23.11", "@smithy/protocol-http": "^5.3.12", "@smithy/types": "^4.13.1", "tslib": "^2.6.2" } }, "sha512-+CcaLoLa5apzSRtloOyG7lQvkUw2ZDml3hRh4QiG9WyEPfW5Ke/3tPOPiPjUneuT59Tpn8+c3RVaUvvkkwqZwg=="],

    "@smithy/middleware-stack": ["@smithy/middleware-stack@4.2.12", "", { "dependencies": { "@smithy/types": "^4.13.1", "tslib": "^2.6.2" } }, "sha512-kruC5gRHwsCOuyCd4ouQxYjgRAym2uDlCvQ5acuMtRrcdfg7mFBg6blaxcJ09STpt3ziEkis6bhg1uwrWU7txw=="],

    "@smithy/node-config-provider": ["@smithy/node-config-provider@4.3.12", "", { "dependencies": { "@smithy/property-provider": "^4.2.12", "@smithy/shared-ini-file-loader": "^4.4.7", "@smithy/types": "^4.13.1", "tslib": "^2.6.2" } }, "sha512-tr2oKX2xMcO+rBOjobSwVAkV05SIfUKz8iI53rzxEmgW3GOOPOv0UioSDk+J8OpRQnpnhsO3Af6IEBabQBVmiw=="],

    "@smithy/node-http-handler": ["@smithy/node-http-handler@4.4.16", "", { "dependencies": { "@smithy/abort-controller": "^4.2.12", "@smithy/protocol-http": "^5.3.12", "@smithy/querystring-builder": "^4.2.12", "@smithy/types": "^4.13.1", "tslib": "^2.6.2" } }, "sha512-ULC8UCS/HivdCB3jhi+kLFYe4B5gxH2gi9vHBfEIiRrT2jfKiZNiETJSlzRtE6B26XbBHjPtc8iZKSNqMol9bw=="],

    "@smithy/property-provider": ["@smithy/property-provider@4.2.12", "", { "dependencies": { "@smithy/types": "^4.13.1", "tslib": "^2.6.2" } }, "sha512-jqve46eYU1v7pZ5BM+fmkbq3DerkSluPr5EhvOcHxygxzD05ByDRppRwRPPpFrsFo5yDtCYLKu+kreHKVrvc7A=="],

    "@smithy/protocol-http": ["@smithy/protocol-http@5.3.12", "", { "dependencies": { "@smithy/types": "^4.13.1", "tslib": "^2.6.2" } }, "sha512-fit0GZK9I1xoRlR4jXmbLhoN0OdEpa96ul8M65XdmXnxXkuMxM0Y8HDT0Fh0Xb4I85MBvBClOzgSrV1X2s1Hxw=="],

    "@smithy/querystring-builder": ["@smithy/querystring-builder@4.2.12", "", { "dependencies": { "@smithy/types": "^4.13.1", "@smithy/util-uri-escape": "^4.2.2", "tslib": "^2.6.2" } }, "sha512-6wTZjGABQufekycfDGMEB84BgtdOE/rCVTov+EDXQ8NHKTUNIp/j27IliwP7tjIU9LR+sSzyGBOXjeEtVgzCHg=="],

    "@smithy/querystring-parser": ["@smithy/querystring-parser@4.2.12", "", { "dependencies": { "@smithy/types": "^4.13.1", "tslib": "^2.6.2" } }, "sha512-P2OdvrgiAKpkPNKlKUtWbNZKB1XjPxM086NeVhK+W+wI46pIKdWBe5QyXvhUm3MEcyS/rkLvY8rZzyUdmyDZBw=="],

    "@smithy/service-error-classification": ["@smithy/service-error-classification@4.2.12", "", { "dependencies": { "@smithy/types": "^4.13.1" } }, "sha512-LlP29oSQN0Tw0b6D0Xo6BIikBswuIiGYbRACy5ujw/JgWSzTdYj46U83ssf6Ux0GyNJVivs2uReU8pt7Eu9okQ=="],

    "@smithy/shared-ini-file-loader": ["@smithy/shared-ini-file-loader@4.4.7", "", { "dependencies": { "@smithy/types": "^4.13.1", "tslib": "^2.6.2" } }, "sha512-HrOKWsUb+otTeo1HxVWeEb99t5ER1XrBi/xka2Wv6NVmTbuCUC1dvlrksdvxFtODLBjsC+PHK+fuy2x/7Ynyiw=="],

    "@smithy/signature-v4": ["@smithy/signature-v4@5.3.12", "", { "dependencies": { "@smithy/is-array-buffer": "^4.2.2", "@smithy/protocol-http": "^5.3.12", "@smithy/types": "^4.13.1", "@smithy/util-hex-encoding": "^4.2.2", "@smithy/util-middleware": "^4.2.12", "@smithy/util-uri-escape": "^4.2.2", "@smithy/util-utf8": "^4.2.2", "tslib": "^2.6.2" } }, "sha512-B/FBwO3MVOL00DaRSXfXfa/TRXRheagt/q5A2NM13u7q+sHS59EOVGQNfG7DkmVtdQm5m3vOosoKAXSqn/OEgw=="],

    "@smithy/smithy-client": ["@smithy/smithy-client@4.12.5", "", { "dependencies": { "@smithy/core": "^3.23.11", "@smithy/middleware-endpoint": "^4.4.25", "@smithy/middleware-stack": "^4.2.12", "@smithy/protocol-http": "^5.3.12", "@smithy/types": "^4.13.1", "@smithy/util-stream": "^4.5.19", "tslib": "^2.6.2" } }, "sha512-UqwYawyqSr/aog8mnLnfbPurS0gi4G7IYDcD28cUIBhsvWs1+rQcL2IwkUQ+QZ7dibaoRzhNF99fAQ9AUcO00w=="],

    "@smithy/types": ["@smithy/types@4.13.1", "", { "dependencies": { "tslib": "^2.6.2" } }, "sha512-787F3yzE2UiJIQ+wYW1CVg2odHjmaWLGksnKQHUrK/lYZSEcy1msuLVvxaR/sI2/aDe9U+TBuLsXnr3vod1g0g=="],

    "@smithy/url-parser": ["@smithy/url-parser@4.2.12", "", { "dependencies": { "@smithy/querystring-parser": "^4.2.12", "@smithy/types": "^4.13.1", "tslib": "^2.6.2" } }, "sha512-wOPKPEpso+doCZGIlr+e1lVI6+9VAKfL4kZWFgzVgGWY2hZxshNKod4l2LXS3PRC9otH/JRSjtEHqQ/7eLciRA=="],

    "@smithy/util-base64": ["@smithy/util-base64@4.3.2", "", { "dependencies": { "@smithy/util-buffer-from": "^4.2.2", "@smithy/util-utf8": "^4.2.2", "tslib": "^2.6.2" } }, "sha512-XRH6b0H/5A3SgblmMa5ErXQ2XKhfbQB+Fm/oyLZ2O2kCUrwgg55bU0RekmzAhuwOjA9qdN5VU2BprOvGGUkOOQ=="],

    "@smithy/util-body-length-browser": ["@smithy/util-body-length-browser@4.2.2", "", { "dependencies": { "tslib": "^2.6.2" } }, "sha512-JKCrLNOup3OOgmzeaKQwi4ZCTWlYR5H4Gm1r2uTMVBXoemo1UEghk5vtMi1xSu2ymgKVGW631e2fp9/R610ZjQ=="],

    "@smithy/util-body-length-node": ["@smithy/util-body-length-node@4.2.3", "", { "dependencies": { "tslib": "^2.6.2" } }, "sha512-ZkJGvqBzMHVHE7r/hcuCxlTY8pQr1kMtdsVPs7ex4mMU+EAbcXppfo5NmyxMYi2XU49eqaz56j2gsk4dHHPG/g=="],

    "@smithy/util-buffer-from": ["@smithy/util-buffer-from@4.2.2", "", { "dependencies": { "@smithy/is-array-buffer": "^4.2.2", "tslib": "^2.6.2" } }, "sha512-FDXD7cvUoFWwN6vtQfEta540Y/YBe5JneK3SoZg9bThSoOAC/eGeYEua6RkBgKjGa/sz6Y+DuBZj3+YEY21y4Q=="],

    "@smithy/util-config-provider": ["@smithy/util-config-provider@4.2.2", "", { "dependencies": { "tslib": "^2.6.2" } }, "sha512-dWU03V3XUprJwaUIFVv4iOnS1FC9HnMHDfUrlNDSh4315v0cWyaIErP8KiqGVbf5z+JupoVpNM7ZB3jFiTejvQ=="],

    "@smithy/util-defaults-mode-browser": ["@smithy/util-defaults-mode-browser@4.3.41", "", { "dependencies": { "@smithy/property-provider": "^4.2.12", "@smithy/smithy-client": "^4.12.5", "@smithy/types": "^4.13.1", "tslib": "^2.6.2" } }, "sha512-M1w1Ux0rSVvBOxIIiqbxvZvhnjQ+VUjJrugtORE90BbadSTH+jsQL279KRL3Hv0w69rE7EuYkV/4Lepz/NBW9g=="],

    "@smithy/util-defaults-mode-node": ["@smithy/util-defaults-mode-node@4.2.44", "", { "dependencies": { "@smithy/config-resolver": "^4.4.11", "@smithy/credential-provider-imds": "^4.2.12", "@smithy/node-config-provider": "^4.3.12", "@smithy/property-provider": "^4.2.12", "@smithy/smithy-client": "^4.12.5", "@smithy/types": "^4.13.1", "tslib": "^2.6.2" } }, "sha512-YPze3/lD1KmWuZsl9JlfhcgGLX7AXhSoaCDtiPntUjNW5/YY0lOHjkcgxyE9x/h5vvS1fzDifMGjzqnNlNiqOQ=="],

    "@smithy/util-endpoints": ["@smithy/util-endpoints@3.3.3", "", { "dependencies": { "@smithy/node-config-provider": "^4.3.12", "@smithy/types": "^4.13.1", "tslib": "^2.6.2" } }, "sha512-VACQVe50j0HZPjpwWcjyT51KUQ4AnsvEaQ2lKHOSL4mNLD0G9BjEniQ+yCt1qqfKfiAHRAts26ud7hBjamrwig=="],

    "@smithy/util-hex-encoding": ["@smithy/util-hex-encoding@4.2.2", "", { "dependencies": { "tslib": "^2.6.2" } }, "sha512-Qcz3W5vuHK4sLQdyT93k/rfrUwdJ8/HZ+nMUOyGdpeGA1Wxt65zYwi3oEl9kOM+RswvYq90fzkNDahPS8K0OIg=="],

    "@smithy/util-middleware": ["@smithy/util-middleware@4.2.12", "", { "dependencies": { "@smithy/types": "^4.13.1", "tslib": "^2.6.2" } }, "sha512-Er805uFUOvgc0l8nv0e0su0VFISoxhJ/AwOn3gL2NWNY2LUEldP5WtVcRYSQBcjg0y9NfG8JYrCJaYDpupBHJQ=="],

    "@smithy/util-retry": ["@smithy/util-retry@4.2.12", "", { "dependencies": { "@smithy/service-error-classification": "^4.2.12", "@smithy/types": "^4.13.1", "tslib": "^2.6.2" } }, "sha512-1zopLDUEOwumjcHdJ1mwBHddubYF8GMQvstVCLC54Y46rqoHwlIU+8ZzUeaBcD+WCJHyDGSeZ2ml9YSe9aqcoQ=="],

    "@smithy/util-stream": ["@smithy/util-stream@4.5.19", "", { "dependencies": { "@smithy/fetch-http-handler": "^5.3.15", "@smithy/node-http-handler": "^4.4.16", "@smithy/types": "^4.13.1", "@smithy/util-base64": "^4.3.2", "@smithy/util-buffer-from": "^4.2.2", "@smithy/util-hex-encoding": "^4.2.2", "@smithy/util-utf8": "^4.2.2", "tslib": "^2.6.2" } }, "sha512-v4sa+3xTweL1CLO2UP0p7tvIMH/Rq1X4KKOxd568mpe6LSLMQCnDHs4uv7m3ukpl3HvcN2JH6jiCS0SNRXKP/w=="],

    "@smithy/util-uri-escape": ["@smithy/util-uri-escape@4.2.2", "", { "dependencies": { "tslib": "^2.6.2" } }, "sha512-2kAStBlvq+lTXHyAZYfJRb/DfS3rsinLiwb+69SstC9Vb0s9vNWkRwpnj918Pfi85mzi42sOqdV72OLxWAISnw=="],

    "@smithy/util-utf8": ["@smithy/util-utf8@4.2.2", "", { "dependencies": { "@smithy/util-buffer-from": "^4.2.2", "tslib": "^2.6.2" } }, "sha512-75MeYpjdWRe8M5E3AW0O4Cx3UadweS+cwdXjwYGBW5h/gxxnbeZ877sLPX/ZJA9GVTlL/qG0dXP29JWFCD1Ayw=="],

    "@smithy/util-waiter": ["@smithy/util-waiter@4.2.13", "", { "dependencies": { "@smithy/abort-controller": "^4.2.12", "@smithy/types": "^4.13.1", "tslib": "^2.6.2" } }, "sha512-2zdZ9DTHngRtcYxJK1GUDxruNr53kv5W2Lupe0LMU+Imr6ohQg8M2T14MNkj1Y0wS3FFwpgpGQyvuaMF7CiTmQ=="],

    "@smithy/uuid": ["@smithy/uuid@1.1.2", "", { "dependencies": { "tslib": "^2.6.2" } }, "sha512-O/IEdcCUKkubz60tFbGA7ceITTAJsty+lBjNoorP4Z6XRqaFb/OjQjZODophEcuq68nKm6/0r+6/lLQ+XVpk8g=="],

    "@types/bun": ["@types/bun@1.3.10", "", { "dependencies": { "bun-types": "1.3.10" } }, "sha512-0+rlrUrOrTSskibryHbvQkDOWRJwJZqZlxrUs1u4oOoTln8+WIXBPmAuCF35SWB2z4Zl3E84Nl/D0P7803nigQ=="],

    "@types/node": ["@types/node@25.4.0", "", { "dependencies": { "undici-types": "~7.18.0" } }, "sha512-9wLpoeWuBlcbBpOY3XmzSTG3oscB6xjBEEtn+pYXTfhyXhIxC5FsBer2KTopBlvKEiW9l13po9fq+SJY/5lkhw=="],

    "bowser": ["bowser@2.14.1", "", {}, "sha512-tzPjzCxygAKWFOJP011oxFHs57HzIhOEracIgAePE4pqB3LikALKnSzUyU4MGs9/iCEUuHlAJTjTc5M+u7YEGg=="],

    "bun-types": ["bun-types@1.3.10", "", { "dependencies": { "@types/node": "*" } }, "sha512-tcpfCCl6XWo6nCVnpcVrxQ+9AYN1iqMIzgrSKYMB/fjLtV2eyAVEg7AxQJuCq/26R6HpKWykQXuSOq/21RYcbg=="],

    "fast-xml-builder": ["fast-xml-builder@1.1.3", "", { "dependencies": { "path-expression-matcher": "^1.1.3" } }, "sha512-1o60KoFw2+LWKQu3IdcfcFlGTW4dpqEWmjhYec6H82AYZU2TVBXep6tMl8Z1Y+wM+ZrzCwe3BZ9Vyd9N2rIvmg=="],

    "fast-xml-parser": ["fast-xml-parser@5.4.1", "", { "dependencies": { "fast-xml-builder": "^1.0.0", "strnum": "^2.1.2" }, "bin": { "fxparser": "src/cli/cli.js" } }, "sha512-BQ30U1mKkvXQXXkAGcuyUA/GA26oEB7NzOtsxCDtyu62sjGw5QraKFhx2Em3WQNjPw9PG6MQ9yuIIgkSDfGu5A=="],

    "hono": ["hono@4.12.7", "", {}, "sha512-jq9l1DM0zVIvsm3lv9Nw9nlJnMNPOcAtsbsgiUhWcFzPE99Gvo6yRTlszSLLYacMeQ6quHD6hMfId8crVHvexw=="],

    "path-expression-matcher": ["path-expression-matcher@1.1.3", "", {}, "sha512-qdVgY8KXmVdJZRSS1JdEPOKPdTiEK/pi0RkcT2sw1RhXxohdujUlJFPuS1TSkevZ9vzd3ZlL7ULl1MHGTApKzQ=="],

    "pdf-parse": ["pdf-parse@2.4.5", "", { "dependencies": { "@napi-rs/canvas": "0.1.80", "pdfjs-dist": "5.4.296" }, "bin": { "pdf-parse": "bin/cli.mjs" } }, "sha512-mHU89HGh7v+4u2ubfnevJ03lmPgQ5WU4CxAVmTSh/sxVTEDYd1er/dKS/A6vg77NX47KTEoihq8jZBLr8Cxuwg=="],

    "pdfjs-dist": ["pdfjs-dist@5.4.296", "", { "optionalDependencies": { "@napi-rs/canvas": "^0.1.80" } }, "sha512-DlOzet0HO7OEnmUmB6wWGJrrdvbyJKftI1bhMitK7O2N8W2gc757yyYBbINy9IDafXAV9wmKr9t7xsTaNKRG5Q=="],

    "sqlite-vec": ["sqlite-vec@0.1.7-alpha.2", "", { "optionalDependencies": { "sqlite-vec-darwin-arm64": "0.1.7-alpha.2", "sqlite-vec-darwin-x64": "0.1.7-alpha.2", "sqlite-vec-linux-arm64": "0.1.7-alpha.2", "sqlite-vec-linux-x64": "0.1.7-alpha.2", "sqlite-vec-windows-x64": "0.1.7-alpha.2" } }, "sha512-rNgRCv+4V4Ed3yc33Qr+nNmjhtrMnnHzXfLVPeGb28Dx5mmDL3Ngw/Wk8vhCGjj76+oC6gnkmMG8y73BZWGBwQ=="],

    "sqlite-vec-darwin-arm64": ["sqlite-vec-darwin-arm64@0.1.7-alpha.2", "", { "os": "darwin", "cpu": "arm64" }, "sha512-raIATOqFYkeCHhb/t3r7W7Cf2lVYdf4J3ogJ6GFc8PQEgHCPEsi+bYnm2JT84MzLfTlSTIdxr4/NKv+zF7oLPw=="],

    "sqlite-vec-darwin-x64": ["sqlite-vec-darwin-x64@0.1.7-alpha.2", "", { "os": "darwin", "cpu": "x64" }, "sha512-jeZEELsQjjRsVojsvU5iKxOvkaVuE+JYC8Y4Ma8U45aAERrDYmqZoHvgSG7cg1PXL3bMlumFTAmHynf1y4pOzA=="],

    "sqlite-vec-linux-arm64": ["sqlite-vec-linux-arm64@0.1.7-alpha.2", "", { "os": "linux", "cpu": "arm64" }, "sha512-6Spj4Nfi7tG13jsUG+W7jnT0bCTWbyPImu2M8nWp20fNrd1SZ4g3CSlDAK8GBdavX7wRlbBHCZ+BDa++rbDewA=="],

    "sqlite-vec-linux-x64": ["sqlite-vec-linux-x64@0.1.7-alpha.2", "", { "os": "linux", "cpu": "x64" }, "sha512-IcgrbHaDccTVhXDf8Orwdc2+hgDLAFORl6OBUhcvlmwswwBP1hqBTSEhovClG4NItwTOBNgpwOoQ7Qp3VDPWLg=="],

    "sqlite-vec-windows-x64": ["sqlite-vec-windows-x64@0.1.7-alpha.2", "", { "os": "win32", "cpu": "x64" }, "sha512-TRP6hTjAcwvQ6xpCZvjP00pdlda8J38ArFy1lMYhtQWXiIBmWnhMaMbq4kaeCYwvTTddfidatRS+TJrwIKB/oQ=="],

    "strnum": ["strnum@2.2.0", "", {}, "sha512-Y7Bj8XyJxnPAORMZj/xltsfo55uOiyHcU2tnAVzHUnSJR/KsEX+9RoDeXEnsXtl/CX4fAcrt64gZ13aGaWPeBg=="],

    "tslib": ["tslib@2.8.1", "", {}, "sha512-oJFu94HQb+KVduSUQL7wnpmqnfmLsOA/nAh6b6EH0wCEoK0/mPeXU6c3wKDV83MkOuHPRHtSXKKU99IBazS/2w=="],

    "undici-types": ["undici-types@7.18.2", "", {}, "sha512-AsuCzffGHJybSaRrmr5eHr81mwJU3kjw6M+uprWvCXiNeN9SOGwQ3Jn8jb8m3Z6izVgknn1R0FTCEAP2QrLY/w=="],

    "@aws-crypto/sha1-browser/@smithy/util-utf8": ["@smithy/util-utf8@2.3.0", "", { "dependencies": { "@smithy/util-buffer-from": "^2.2.0", "tslib": "^2.6.2" } }, "sha512-R8Rdn8Hy72KKcebgLiv8jQcQkXoLMOGGv5uI1/k0l+snqkOzQ1R0ChUBCxWMlBsFMekWjq0wRudIweFs7sKT5A=="],

    "@aws-crypto/sha256-browser/@smithy/util-utf8": ["@smithy/util-utf8@2.3.0", "", { "dependencies": { "@smithy/util-buffer-from": "^2.2.0", "tslib": "^2.6.2" } }, "sha512-R8Rdn8Hy72KKcebgLiv8jQcQkXoLMOGGv5uI1/k0l+snqkOzQ1R0ChUBCxWMlBsFMekWjq0wRudIweFs7sKT5A=="],

    "@aws-crypto/util/@smithy/util-utf8": ["@smithy/util-utf8@2.3.0", "", { "dependencies": { "@smithy/util-buffer-from": "^2.2.0", "tslib": "^2.6.2" } }, "sha512-R8Rdn8Hy72KKcebgLiv8jQcQkXoLMOGGv5uI1/k0l+snqkOzQ1R0ChUBCxWMlBsFMekWjq0wRudIweFs7sKT5A=="],

    "@aws-crypto/sha1-browser/@smithy/util-utf8/@smithy/util-buffer-from": ["@smithy/util-buffer-from@2.2.0", "", { "dependencies": { "@smithy/is-array-buffer": "^2.2.0", "tslib": "^2.6.2" } }, "sha512-IJdWBbTcMQ6DA0gdNhh/BwrLkDR+ADW5Kr1aZmd4k3DIF6ezMV4R2NIAmT08wQJ3yUK82thHWmC/TnK/wpMMIA=="],

    "@aws-crypto/sha256-browser/@smithy/util-utf8/@smithy/util-buffer-from": ["@smithy/util-buffer-from@2.2.0", "", { "dependencies": { "@smithy/is-array-buffer": "^2.2.0", "tslib": "^2.6.2" } }, "sha512-IJdWBbTcMQ6DA0gdNhh/BwrLkDR+ADW5Kr1aZmd4k3DIF6ezMV4R2NIAmT08wQJ3yUK82thHWmC/TnK/wpMMIA=="],

    "@aws-crypto/util/@smithy/util-utf8/@smithy/util-buffer-from": ["@smithy/util-buffer-from@2.2.0", "", { "dependencies": { "@smithy/is-array-buffer": "^2.2.0", "tslib": "^2.6.2" } }, "sha512-IJdWBbTcMQ6DA0gdNhh/BwrLkDR+ADW5Kr1aZmd4k3DIF6ezMV4R2NIAmT08wQJ3yUK82thHWmC/TnK/wpMMIA=="],

    "@aws-crypto/sha1-browser/@smithy/util-utf8/@smithy/util-buffer-from/@smithy/is-array-buffer": ["@smithy/is-array-buffer@2.2.0", "", { "dependencies": { "tslib": "^2.6.2" } }, "sha512-GGP3O9QFD24uGeAXYUjwSTXARoqpZykHadOmA8G5vfJPK0/DC67qa//0qvqrJzL1xc8WQWX7/yc7fwudjPHPhA=="],

    "@aws-crypto/sha256-browser/@smithy/util-utf8/@smithy/util-buffer-from/@smithy/is-array-buffer": ["@smithy/is-array-buffer@2.2.0", "", { "dependencies": { "tslib": "^2.6.2" } }, "sha512-GGP3O9QFD24uGeAXYUjwSTXARoqpZykHadOmA8G5vfJPK0/DC67qa//0qvqrJzL1xc8WQWX7/yc7fwudjPHPhA=="],

    "@aws-crypto/util/@smithy/util-utf8/@smithy/util-buffer-from/@smithy/is-array-buffer": ["@smithy/is-array-buffer@2.2.0", "", { "dependencies": { "tslib": "^2.6.2" } }, "sha512-GGP3O9QFD24uGeAXYUjwSTXARoqpZykHadOmA8G5vfJPK0/DC67qa//0qvqrJzL1xc8WQWX7/yc7fwudjPHPhA=="],
  }
}
